
Microsoft Visual Studio Solution File, Format Version 12.00
# Visual Studio 15
Project("{FAE04EC0-301F-11D3-BF4B-00C04F79EFBC}") = "Assembly-CSharp", "Assembly-CSharp.csproj", "{92EED303-4182-829F-7BAC-BE1B792FE42A}"
EndProject
Global
	GlobalSection(SolutionConfigurationPlatforms) = preSolution
		Debug|Any CPU = Debug|Any CPU
		Release|Any CPU = Release|Any CPU
	EndGlobalSection
	GlobalSection(ProjectConfigurationPlatforms) = postSolution
		{92EED303-4182-829F-7BAC-BE1B792FE42A}.Debug|Any CPU.ActiveCfg = Debug|Any CPU
		{92EED303-4182-829F-7BAC-BE1B792FE42A}.Debug|Any CPU.Build.0 = Debug|Any CPU
		{92EED303-4182-829F-7BAC-BE1B792FE42A}.Release|Any CPU.ActiveCfg = Release|Any CPU
		{92EED303-4182-829F-7BAC-BE1B792FE42A}.Release|Any CPU.Build.0 = Release|Any CPU
	EndGlobalSection
	GlobalSection(SolutionProperties) = preSolution
		HideSolutionNode = FALSE
	EndGlobalSection
EndGlobal
